
Microsoft Visual Studio Solution File, Format Version 12.00
# Visual Studio Version 16
VisualStudioVersion = 16.0.30611.23
MinimumVisualStudioVersion = 10.0.40219.1
Project("{FAE04EC0-301F-11D3-BF4B-00C04F79EFBC}") = "kaktus-koehres Project", "kaktus-koehres Project\kaktus-koehres Project.csproj", "{8D158B44-A303-4357-8145-0B2CFDF06BE2}"
EndProject
Project("{54435603-DBB4-11D2-8724-00A0C9A8B90C}") = "Kaktus-koehres_installer", "Kaktus-koehres_installer\Kaktus-koehres_installer.vdproj", "{58F37BEB-763B-4018-85CC-C218C0A4D7A2}"
EndProject
Global
	GlobalSection(SolutionConfigurationPlatforms) = preSolution
		Debug|Any CPU = Debug|Any CPU
		Release|Any CPU = Release|Any CPU
	EndGlobalSection
	GlobalSection(ProjectConfigurationPlatforms) = postSolution
		{8D158B44-A303-4357-8145-0B2CFDF06BE2}.Debug|Any CPU.ActiveCfg = Debug|Any CPU
		{8D158B44-A303-4357-8145-0B2CFDF06BE2}.Debug|Any CPU.Build.0 = Debug|Any CPU
		{8D158B44-A303-4357-8145-0B2CFDF06BE2}.Release|Any CPU.ActiveCfg = Release|Any CPU
		{8D158B44-A303-4357-8145-0B2CFDF06BE2}.Release|Any CPU.Build.0 = Release|Any CPU
		{58F37BEB-763B-4018-85CC-C218C0A4D7A2}.Debug|Any CPU.ActiveCfg = Debug
		{58F37BEB-763B-4018-85CC-C218C0A4D7A2}.Release|Any CPU.ActiveCfg = Release
	EndGlobalSection
	GlobalSection(SolutionProperties) = preSolution
		HideSolutionNode = FALSE
	EndGlobalSection
	GlobalSection(ExtensibilityGlobals) = postSolution
		SolutionGuid = {FB238814-C44E-4915-A1F3-832290C40304}
	EndGlobalSection
EndGlobal
